# This file is generated by running "yarn install" inside your project.
# Manual changes might be lost - proceed with caution!

__metadata:
  version: 8
  cacheKey: 10c0

"@epic-web/invariant@npm:^1.0.0":
  version: 1.0.0
  resolution: "@epic-web/invariant@npm:1.0.0"
  checksum: 10c0/72dbeb026e4e4eb3bc9c65739b91408ca77ab7d603a2494fa2eff3790ec22892c4caba751cffdf30f5ccf0e7ba79c1e9c96cf0a357404b9432bf1365baac23ca
  languageName: node
  linkType: hard

"@joltdesign/scripts@npm:^0.20.0":
  version: 0.20.0
  resolution: "@joltdesign/scripts@npm:0.20.0"
  dependencies:
    ansis: "npm:^4.1.0"
    change-case: "npm:^5.4.4"
    clipanion: "npm:^4.0.0-rc.4"
    dotenv: "npm:^17.2.2"
    execa: "npm:^9.6.0"
    object-resolve-path: "npm:^1.1.1"
    typanion: "npm:^3.14.0"
    which: "npm:^5.0.0"
    zod: "npm:^4.1.9"
  bin:
    jolt: ./dist/cli.js
  checksum: 10c0/82b8bed2e43bacb11ed75cd30f91f6f024edc09d8b069b66af133fddbc7a556d5c9d53ad7cbd4e7ee4720ed7e242d5aba5ee2ca6a07a5dd30271a95b47291d22
  languageName: node
  linkType: hard

"@joltdesign/wp-cron@workspace:.":
  version: 0.0.0-use.local
  resolution: "@joltdesign/wp-cron@workspace:."
  dependencies:
    "@joltdesign/scripts": "npm:^0.20.0"
    cross-env: "npm:^10.1.0"
    npm-run-all2: "npm:^8.0.4"
  languageName: unknown
  linkType: soft

"@sec-ant/readable-stream@npm:^0.4.1":
  version: 0.4.1
  resolution: "@sec-ant/readable-stream@npm:0.4.1"
  checksum: 10c0/64e9e9cf161e848067a5bf60cdc04d18495dc28bb63a8d9f8993e4dd99b91ad34e4b563c85de17d91ffb177ec17a0664991d2e115f6543e73236a906068987af
  languageName: node
  linkType: hard

"@sindresorhus/merge-streams@npm:^4.0.0":
  version: 4.0.0
  resolution: "@sindresorhus/merge-streams@npm:4.0.0"
  checksum: 10c0/482ee543629aa1933b332f811a1ae805a213681ecdd98c042b1c1b89387df63e7812248bb4df3910b02b3cc5589d3d73e4393f30e197c9dde18046ccd471fc6b
  languageName: node
  linkType: hard

"ansi-styles@npm:^6.2.1":
  version: 6.2.3
  resolution: "ansi-styles@npm:6.2.3"
  checksum: 10c0/23b8a4ce14e18fb854693b95351e286b771d23d8844057ed2e7d083cd3e708376c3323707ec6a24365f7d7eda3ca00327fe04092e29e551499ec4c8b7bfac868
  languageName: node
  linkType: hard

"ansis@npm:^4.1.0":
  version: 4.2.0
  resolution: "ansis@npm:4.2.0"
  checksum: 10c0/cd6a7a681ecd36e72e0d79c1e34f1f3bcb1b15bcbb6f0f8969b4228062d3bfebbef468e09771b00d93b2294370b34f707599d4a113542a876de26823b795b5d2
  languageName: node
  linkType: hard

"change-case@npm:^5.4.4":
  version: 5.4.4
  resolution: "change-case@npm:5.4.4"
  checksum: 10c0/2a9c2b9c9ad6ab2491105aaf506db1a9acaf543a18967798dcce20926c6a173aa63266cb6189f3086e3c14bf7ae1f8ea4f96ecc466fcd582310efa00372f3734
  languageName: node
  linkType: hard

"clipanion@npm:^4.0.0-rc.4":
  version: 4.0.0-rc.4
  resolution: "clipanion@npm:4.0.0-rc.4"
  dependencies:
    typanion: "npm:^3.8.0"
  peerDependencies:
    typanion: "*"
  checksum: 10c0/047b415b59a5e9777d00690fba563ccc850eca6bf27790a88d1deea3ecc8a89840ae9aed554ff284cc698a9f3f20256e43c25ff4a7c4c90a71e5e7d9dca61dd1
  languageName: node
  linkType: hard

"cross-env@npm:^10.1.0":
  version: 10.1.0
  resolution: "cross-env@npm:10.1.0"
  dependencies:
    "@epic-web/invariant": "npm:^1.0.0"
    cross-spawn: "npm:^7.0.6"
  bin:
    cross-env: dist/bin/cross-env.js
    cross-env-shell: dist/bin/cross-env-shell.js
  checksum: 10c0/834a862db456ba1fedf6c6da43436b123ae38f514fa286d6f0937c14fa83f13469f77f70f2812db041ae2d84f82bac627040b8686030aca27fbdf113dfa38b63
  languageName: node
  linkType: hard

"cross-spawn@npm:^7.0.6":
  version: 7.0.6
  resolution: "cross-spawn@npm:7.0.6"
  dependencies:
    path-key: "npm:^3.1.0"
    shebang-command: "npm:^2.0.0"
    which: "npm:^2.0.1"
  checksum: 10c0/053ea8b2135caff68a9e81470e845613e374e7309a47731e81639de3eaeb90c3d01af0e0b44d2ab9d50b43467223b88567dfeb3262db942dc063b9976718ffc1
  languageName: node
  linkType: hard

"dotenv@npm:^17.2.2":
  version: 17.2.2
  resolution: "dotenv@npm:17.2.2"
  checksum: 10c0/be66513504590aff6eccb14167625aed9bd42ce80547f4fe5d195860211971a7060949b57108dfaeaf90658f79e40edccd3f233f0a978bff507b5b1565ae162b
  languageName: node
  linkType: hard

"execa@npm:^9.6.0":
  version: 9.6.0
  resolution: "execa@npm:9.6.0"
  dependencies:
    "@sindresorhus/merge-streams": "npm:^4.0.0"
    cross-spawn: "npm:^7.0.6"
    figures: "npm:^6.1.0"
    get-stream: "npm:^9.0.0"
    human-signals: "npm:^8.0.1"
    is-plain-obj: "npm:^4.1.0"
    is-stream: "npm:^4.0.1"
    npm-run-path: "npm:^6.0.0"
    pretty-ms: "npm:^9.2.0"
    signal-exit: "npm:^4.1.0"
    strip-final-newline: "npm:^4.0.0"
    yoctocolors: "npm:^2.1.1"
  checksum: 10c0/2c44a33142f77d3a6a590a3b769b49b27029a76768593bac1f26fed4dd1330e9c189ee61eba6a8c990fb77e37286c68c7445472ebf24c22b31e9ff320e73d7ac
  languageName: node
  linkType: hard

"figures@npm:^6.1.0":
  version: 6.1.0
  resolution: "figures@npm:6.1.0"
  dependencies:
    is-unicode-supported: "npm:^2.0.0"
  checksum: 10c0/9159df4264d62ef447a3931537de92f5012210cf5135c35c010df50a2169377581378149abfe1eb238bd6acbba1c0d547b1f18e0af6eee49e30363cedaffcfe4
  languageName: node
  linkType: hard

"get-stream@npm:^9.0.0":
  version: 9.0.1
  resolution: "get-stream@npm:9.0.1"
  dependencies:
    "@sec-ant/readable-stream": "npm:^0.4.1"
    is-stream: "npm:^4.0.1"
  checksum: 10c0/d70e73857f2eea1826ac570c3a912757dcfbe8a718a033fa0c23e12ac8e7d633195b01710e0559af574cbb5af101009b42df7b6f6b29ceec8dbdf7291931b948
  languageName: node
  linkType: hard

"human-signals@npm:^8.0.1":
  version: 8.0.1
  resolution: "human-signals@npm:8.0.1"
  checksum: 10c0/195ac607108c56253757717242e17cd2e21b29f06c5d2dad362e86c672bf2d096e8a3bbb2601841c376c2301c4ae7cff129e87f740aa4ebff1390c163114c7c4
  languageName: node
  linkType: hard

"is-plain-obj@npm:^4.1.0":
  version: 4.1.0
  resolution: "is-plain-obj@npm:4.1.0"
  checksum: 10c0/32130d651d71d9564dc88ba7e6fda0e91a1010a3694648e9f4f47bb6080438140696d3e3e15c741411d712e47ac9edc1a8a9de1fe76f3487b0d90be06ac9975e
  languageName: node
  linkType: hard

"is-stream@npm:^4.0.1":
  version: 4.0.1
  resolution: "is-stream@npm:4.0.1"
  checksum: 10c0/2706c7f19b851327ba374687bc4a3940805e14ca496dc672b9629e744d143b1ad9c6f1b162dece81c7bfbc0f83b32b61ccc19ad2e05aad2dd7af347408f60c7f
  languageName: node
  linkType: hard

"is-unicode-supported@npm:^2.0.0":
  version: 2.1.0
  resolution: "is-unicode-supported@npm:2.1.0"
  checksum: 10c0/a0f53e9a7c1fdbcf2d2ef6e40d4736fdffff1c9f8944c75e15425118ff3610172c87bf7bc6c34d3903b04be59790bb2212ddbe21ee65b5a97030fc50370545a5
  languageName: node
  linkType: hard

"isexe@npm:^2.0.0":
  version: 2.0.0
  resolution: "isexe@npm:2.0.0"
  checksum: 10c0/228cfa503fadc2c31596ab06ed6aa82c9976eec2bfd83397e7eaf06d0ccf42cd1dfd6743bf9aeb01aebd4156d009994c5f76ea898d2832c1fe342da923ca457d
  languageName: node
  linkType: hard

"isexe@npm:^3.1.1":
  version: 3.1.1
  resolution: "isexe@npm:3.1.1"
  checksum: 10c0/9ec257654093443eb0a528a9c8cbba9c0ca7616ccb40abd6dde7202734d96bb86e4ac0d764f0f8cd965856aacbff2f4ce23e730dc19dfb41e3b0d865ca6fdcc7
  languageName: node
  linkType: hard

"json-parse-even-better-errors@npm:^4.0.0":
  version: 4.0.0
  resolution: "json-parse-even-better-errors@npm:4.0.0"
  checksum: 10c0/84cd9304a97e8fb2af3937bf53acb91c026aeb859703c332684e688ea60db27fc2242aa532a84e1883fdcbe1e5c1fb57c2bef38e312021aa1cd300defc63cf16
  languageName: node
  linkType: hard

"memorystream@npm:^0.3.1":
  version: 0.3.1
  resolution: "memorystream@npm:0.3.1"
  checksum: 10c0/4bd164657711d9747ff5edb0508b2944414da3464b7fe21ac5c67cf35bba975c4b446a0124bd0f9a8be54cfc18faf92e92bd77563a20328b1ccf2ff04e9f39b9
  languageName: node
  linkType: hard

"npm-normalize-package-bin@npm:^4.0.0":
  version: 4.0.0
  resolution: "npm-normalize-package-bin@npm:4.0.0"
  checksum: 10c0/1fa546fcae8eaab61ef9b9ec237b6c795008da50e1883eae030e9e38bb04ffa32c5aabcef9a0400eae3dc1f91809bcfa85e437ce80d677c69b419d1d9cacf0ab
  languageName: node
  linkType: hard

"npm-run-all2@npm:^8.0.4":
  version: 8.0.4
  resolution: "npm-run-all2@npm:8.0.4"
  dependencies:
    ansi-styles: "npm:^6.2.1"
    cross-spawn: "npm:^7.0.6"
    memorystream: "npm:^0.3.1"
    picomatch: "npm:^4.0.2"
    pidtree: "npm:^0.6.0"
    read-package-json-fast: "npm:^4.0.0"
    shell-quote: "npm:^1.7.3"
    which: "npm:^5.0.0"
  bin:
    npm-run-all: bin/npm-run-all/index.js
    npm-run-all2: bin/npm-run-all/index.js
    run-p: bin/run-p/index.js
    run-s: bin/run-s/index.js
  checksum: 10c0/cfc2987df224e55456629301991b5fa6980cc644d1836fe3c22d74a4508512737d30389795b759bb5d659103e54281c59741ecdc0241cfd2615cb9bffbf7cceb
  languageName: node
  linkType: hard

"npm-run-path@npm:^6.0.0":
  version: 6.0.0
  resolution: "npm-run-path@npm:6.0.0"
  dependencies:
    path-key: "npm:^4.0.0"
    unicorn-magic: "npm:^0.3.0"
  checksum: 10c0/b223c8a0dcd608abf95363ea5c3c0ccc3cd877daf0102eaf1b0f2390d6858d8337fbb7c443af2403b067a7d2c116d10691ecd22ab3c5273c44da1ff8d07753bd
  languageName: node
  linkType: hard

"object-resolve-path@npm:^1.1.1":
  version: 1.1.1
  resolution: "object-resolve-path@npm:1.1.1"
  checksum: 10c0/dba6e88fe4e3919b5638e39a07dde47d85b85e95d567bc6d99122c6c51eb454658de83ade3eab30c7a15a885c7861860fc691ec7c240f2ffb353542dfd4019ea
  languageName: node
  linkType: hard

"parse-ms@npm:^4.0.0":
  version: 4.0.0
  resolution: "parse-ms@npm:4.0.0"
  checksum: 10c0/a7900f4f1ebac24cbf5e9708c16fb2fd482517fad353aecd7aefb8c2ba2f85ce017913ccb8925d231770404780df46244ea6fec598b3bde6490882358b4d2d16
  languageName: node
  linkType: hard

"path-key@npm:^3.1.0":
  version: 3.1.1
  resolution: "path-key@npm:3.1.1"
  checksum: 10c0/748c43efd5a569c039d7a00a03b58eecd1d75f3999f5a28303d75f521288df4823bc057d8784eb72358b2895a05f29a070bc9f1f17d28226cc4e62494cc58c4c
  languageName: node
  linkType: hard

"path-key@npm:^4.0.0":
  version: 4.0.0
  resolution: "path-key@npm:4.0.0"
  checksum: 10c0/794efeef32863a65ac312f3c0b0a99f921f3e827ff63afa5cb09a377e202c262b671f7b3832a4e64731003fa94af0263713962d317b9887bd1e0c48a342efba3
  languageName: node
  linkType: hard

"picomatch@npm:^4.0.2":
  version: 4.0.3
  resolution: "picomatch@npm:4.0.3"
  checksum: 10c0/9582c951e95eebee5434f59e426cddd228a7b97a0161a375aed4be244bd3fe8e3a31b846808ea14ef2c8a2527a6eeab7b3946a67d5979e81694654f939473ae2
  languageName: node
  linkType: hard

"pidtree@npm:^0.6.0":
  version: 0.6.0
  resolution: "pidtree@npm:0.6.0"
  bin:
    pidtree: bin/pidtree.js
  checksum: 10c0/0829ec4e9209e230f74ebf4265f5ccc9ebfb488334b525cb13f86ff801dca44b362c41252cd43ae4d7653a10a5c6ab3be39d2c79064d6895e0d78dc50a5ed6e9
  languageName: node
  linkType: hard

"pretty-ms@npm:^9.2.0":
  version: 9.3.0
  resolution: "pretty-ms@npm:9.3.0"
  dependencies:
    parse-ms: "npm:^4.0.0"
  checksum: 10c0/555ea39a1de48a30601938aedb76d682871d33b6dee015281c37108921514b11e1792928b1648c2e5589acc73c8ef0fb5e585fb4c718e340a28b86799e90fb34
  languageName: node
  linkType: hard

"read-package-json-fast@npm:^4.0.0":
  version: 4.0.0
  resolution: "read-package-json-fast@npm:4.0.0"
  dependencies:
    json-parse-even-better-errors: "npm:^4.0.0"
    npm-normalize-package-bin: "npm:^4.0.0"
  checksum: 10c0/8a03509ae8e852f1abc4b109c1be571dd90ac9ea65d55433b2fe287e409113441a9b00df698288fe48aa786c1a2550569d47b5ab01ed83ada073d691d5aff582
  languageName: node
  linkType: hard

"shebang-command@npm:^2.0.0":
  version: 2.0.0
  resolution: "shebang-command@npm:2.0.0"
  dependencies:
    shebang-regex: "npm:^3.0.0"
  checksum: 10c0/a41692e7d89a553ef21d324a5cceb5f686d1f3c040759c50aab69688634688c5c327f26f3ecf7001ebfd78c01f3c7c0a11a7c8bfd0a8bc9f6240d4f40b224e4e
  languageName: node
  linkType: hard

"shebang-regex@npm:^3.0.0":
  version: 3.0.0
  resolution: "shebang-regex@npm:3.0.0"
  checksum: 10c0/1dbed0726dd0e1152a92696c76c7f06084eb32a90f0528d11acd764043aacf76994b2fb30aa1291a21bd019d6699164d048286309a278855ee7bec06cf6fb690
  languageName: node
  linkType: hard

"shell-quote@npm:^1.7.3":
  version: 1.8.3
  resolution: "shell-quote@npm:1.8.3"
  checksum: 10c0/bee87c34e1e986cfb4c30846b8e6327d18874f10b535699866f368ade11ea4ee45433d97bf5eada22c4320c27df79c3a6a7eb1bf3ecfc47f2c997d9e5e2672fd
  languageName: node
  linkType: hard

"signal-exit@npm:^4.1.0":
  version: 4.1.0
  resolution: "signal-exit@npm:4.1.0"
  checksum: 10c0/41602dce540e46d599edba9d9860193398d135f7ff72cab629db5171516cfae628d21e7bfccde1bbfdf11c48726bc2a6d1a8fb8701125852fbfda7cf19c6aa83
  languageName: node
  linkType: hard

"strip-final-newline@npm:^4.0.0":
  version: 4.0.0
  resolution: "strip-final-newline@npm:4.0.0"
  checksum: 10c0/b0cf2b62d597a1b0e3ebc42b88767f0a0d45601f89fd379a928a1812c8779440c81abba708082c946445af1d6b62d5f16e2a7cf4f30d9d6587b89425fae801ff
  languageName: node
  linkType: hard

"typanion@npm:^3.14.0, typanion@npm:^3.8.0":
  version: 3.14.0
  resolution: "typanion@npm:3.14.0"
  checksum: 10c0/8b03b19844e6955bfd906c31dc781bae6d7f1fb3ce4fe24b7501557013d4889ae5cefe671dafe98d87ead0adceb8afcb8bc16df7dc0bd2b7331bac96f3a7cae2
  languageName: node
  linkType: hard

"unicorn-magic@npm:^0.3.0":
  version: 0.3.0
  resolution: "unicorn-magic@npm:0.3.0"
  checksum: 10c0/0a32a997d6c15f1c2a077a15b1c4ca6f268d574cf5b8975e778bb98e6f8db4ef4e86dfcae4e158cd4c7e38fb4dd383b93b13eefddc7f178dea13d3ac8a603271
  languageName: node
  linkType: hard

"which@npm:^2.0.1":
  version: 2.0.2
  resolution: "which@npm:2.0.2"
  dependencies:
    isexe: "npm:^2.0.0"
  bin:
    node-which: ./bin/node-which
  checksum: 10c0/66522872a768b60c2a65a57e8ad184e5372f5b6a9ca6d5f033d4b0dc98aff63995655a7503b9c0a2598936f532120e81dd8cc155e2e92ed662a2b9377cc4374f
  languageName: node
  linkType: hard

"which@npm:^5.0.0":
  version: 5.0.0
  resolution: "which@npm:5.0.0"
  dependencies:
    isexe: "npm:^3.1.1"
  bin:
    node-which: bin/which.js
  checksum: 10c0/e556e4cd8b7dbf5df52408c9a9dd5ac6518c8c5267c8953f5b0564073c66ed5bf9503b14d876d0e9c7844d4db9725fb0dcf45d6e911e17e26ab363dc3965ae7b
  languageName: node
  linkType: hard

"yoctocolors@npm:^2.1.1":
  version: 2.1.2
  resolution: "yoctocolors@npm:2.1.2"
  checksum: 10c0/b220f30f53ebc2167330c3adc86a3c7f158bcba0236f6c67e25644c3188e2571a6014ffc1321943bb619460259d3d27eb4c9cc58c2d884c1b195805883ec7066
  languageName: node
  linkType: hard

"zod@npm:^4.1.9":
  version: 4.1.11
  resolution: "zod@npm:4.1.11"
  checksum: 10c0/ce6a4c4acfbf51d7dd0f2669c82f207d62a1f00264eef608994b94eb99d86a74c99f59b0dd3e61ef82909ee136631378b709e0908f0a02a2d5c21d0c497de5db
  languageName: node
  linkType: hard
